
Microsoft Visual Studio Solution File, Format Version 12.00
# Visual Studio Version 16
VisualStudioVersion = 16.0.31515.178
MinimumVisualStudioVersion = 10.0.40219.1
Project("{FAE04EC0-301F-11D3-BF4B-00C04F79EFBC}") = "S", "S\S.csproj", "{7182D4A6-05BA-4DAA-AEA0-9E7F938FCE0E}"
EndProject
Global
	GlobalSection(SolutionConfigurationPlatforms) = preSolution
		Debug|Any CPU = Debug|Any CPU
		Release|Any CPU = Release|Any CPU
	EndGlobalSection
	GlobalSection(ProjectConfigurationPlatforms) = postSolution
		{7182D4A6-05BA-4DAA-AEA0-9E7F938FCE0E}.Debug|Any CPU.ActiveCfg = Debug|Any CPU
		{7182D4A6-05BA-4DAA-AEA0-9E7F938FCE0E}.Debug|Any CPU.Build.0 = Debug|Any CPU
		{7182D4A6-05BA-4DAA-AEA0-9E7F938FCE0E}.Release|Any CPU.ActiveCfg = Release|Any CPU
		{7182D4A6-05BA-4DAA-AEA0-9E7F938FCE0E}.Release|Any CPU.Build.0 = Release|Any CPU
	EndGlobalSection
	GlobalSection(SolutionProperties) = preSolution
		HideSolutionNode = FALSE
	EndGlobalSection
	GlobalSection(ExtensibilityGlobals) = postSolution
		SolutionGuid = {031C278E-879C-4519-AEB7-A91D0B16652F}
	EndGlobalSection
EndGlobal
