
Microsoft Visual Studio Solution File, Format Version 12.00
# Visual Studio Version 16
VisualStudioVersion = 16.0.31515.178
MinimumVisualStudioVersion = 10.0.40219.1
Project("{FAE04EC0-301F-11D3-BF4B-00C04F79EFBC}") = "toysshop exam", "toysshop exam\toysshop exam.csproj", "{72231F1D-DB21-4DC0-8749-3F5912E503AA}"
EndProject
Global
	GlobalSection(SolutionConfigurationPlatforms) = preSolution
		Debug|Any CPU = Debug|Any CPU
		Release|Any CPU = Release|Any CPU
	EndGlobalSection
	GlobalSection(ProjectConfigurationPlatforms) = postSolution
		{72231F1D-DB21-4DC0-8749-3F5912E503AA}.Debug|Any CPU.ActiveCfg = Debug|Any CPU
		{72231F1D-DB21-4DC0-8749-3F5912E503AA}.Debug|Any CPU.Build.0 = Debug|Any CPU
		{72231F1D-DB21-4DC0-8749-3F5912E503AA}.Release|Any CPU.ActiveCfg = Release|Any CPU
		{72231F1D-DB21-4DC0-8749-3F5912E503AA}.Release|Any CPU.Build.0 = Release|Any CPU
	EndGlobalSection
	GlobalSection(SolutionProperties) = preSolution
		HideSolutionNode = FALSE
	EndGlobalSection
	GlobalSection(ExtensibilityGlobals) = postSolution
		SolutionGuid = {D773ED8E-6928-49CE-958B-76834216EF1B}
	EndGlobalSection
EndGlobal
