
Microsoft Visual Studio Solution File, Format Version 12.00
# Visual Studio Version 16
VisualStudioVersion = 16.0.31515.178
MinimumVisualStudioVersion = 10.0.40219.1
Project("{FAE04EC0-301F-11D3-BF4B-00C04F79EFBC}") = "proverka", "proverka\proverka.csproj", "{450733A7-91C2-4696-BD07-2818C4FB78B6}"
EndProject
Project("{FAE04EC0-301F-11D3-BF4B-00C04F79EFBC}") = "proverka1", "proverka1\proverka1.csproj", "{8B2FA8C8-A3E2-4B79-9432-9106A023716F}"
EndProject
Global
	GlobalSection(SolutionConfigurationPlatforms) = preSolution
		Debug|Any CPU = Debug|Any CPU
		Release|Any CPU = Release|Any CPU
	EndGlobalSection
	GlobalSection(ProjectConfigurationPlatforms) = postSolution
		{450733A7-91C2-4696-BD07-2818C4FB78B6}.Debug|Any CPU.ActiveCfg = Debug|Any CPU
		{450733A7-91C2-4696-BD07-2818C4FB78B6}.Debug|Any CPU.Build.0 = Debug|Any CPU
		{450733A7-91C2-4696-BD07-2818C4FB78B6}.Release|Any CPU.ActiveCfg = Release|Any CPU
		{450733A7-91C2-4696-BD07-2818C4FB78B6}.Release|Any CPU.Build.0 = Release|Any CPU
		{8B2FA8C8-A3E2-4B79-9432-9106A023716F}.Debug|Any CPU.ActiveCfg = Debug|Any CPU
		{8B2FA8C8-A3E2-4B79-9432-9106A023716F}.Debug|Any CPU.Build.0 = Debug|Any CPU
		{8B2FA8C8-A3E2-4B79-9432-9106A023716F}.Release|Any CPU.ActiveCfg = Release|Any CPU
		{8B2FA8C8-A3E2-4B79-9432-9106A023716F}.Release|Any CPU.Build.0 = Release|Any CPU
	EndGlobalSection
	GlobalSection(SolutionProperties) = preSolution
		HideSolutionNode = FALSE
	EndGlobalSection
	GlobalSection(ExtensibilityGlobals) = postSolution
		SolutionGuid = {36DAE1B3-EAD5-4CFF-BD37-0927AA95290C}
	EndGlobalSection
EndGlobal
