
Microsoft Visual Studio Solution File, Format Version 12.00
# Visual Studio Version 16
VisualStudioVersion = 16.0.31515.178
MinimumVisualStudioVersion = 10.0.40219.1
Project("{FAE04EC0-301F-11D3-BF4B-00C04F79EFBC}") = "projectprepearing", "projectprepearing\projectprepearing.csproj", "{493BEA31-62ED-40A1-8820-2167A2BE7E70}"
EndProject
Global
	GlobalSection(SolutionConfigurationPlatforms) = preSolution
		Debug|Any CPU = Debug|Any CPU
		Release|Any CPU = Release|Any CPU
	EndGlobalSection
	GlobalSection(ProjectConfigurationPlatforms) = postSolution
		{493BEA31-62ED-40A1-8820-2167A2BE7E70}.Debug|Any CPU.ActiveCfg = Debug|Any CPU
		{493BEA31-62ED-40A1-8820-2167A2BE7E70}.Debug|Any CPU.Build.0 = Debug|Any CPU
		{493BEA31-62ED-40A1-8820-2167A2BE7E70}.Release|Any CPU.ActiveCfg = Release|Any CPU
		{493BEA31-62ED-40A1-8820-2167A2BE7E70}.Release|Any CPU.Build.0 = Release|Any CPU
	EndGlobalSection
	GlobalSection(SolutionProperties) = preSolution
		HideSolutionNode = FALSE
	EndGlobalSection
	GlobalSection(ExtensibilityGlobals) = postSolution
		SolutionGuid = {8A6D283E-1C24-4DDB-BEE3-3F11A761356E}
	EndGlobalSection
EndGlobal
